PODS:
  - Evergage (1.4.0)
  - evergage_flutter (0.0.3):
    - Evergage
    - Flutter
  - Flutter (1.0.0)

DEPENDENCIES:
  - evergage_flutter (from `.symlinks/plugins/evergage_flutter/ios`)
  - Flutter (from `Flutter`)

SPEC REPOS:
  trunk:
    - Evergage

EXTERNAL SOURCES:
  evergage_flutter:
    :path: ".symlinks/plugins/evergage_flutter/ios"
  Flutter:
    :path: Flutter

SPEC CHECKSUMS:
  Evergage: cfc0243b769c07fce5ccc4562505ae5f299c8749
  evergage_flutter: 1c0738e834467fac10921dc59d42ab93c81a5a7a
  Flutter: e0871f40cf51350855a761d2e70bf5af5b9b5de7

PODFILE CHECKSUM: 663715e941f9adb426e33bf9376914006f9ea95b

COCOAPODS: 1.15.2
