PODS:
  - Evergage (1.4.0)
  - evergage_flutter (0.0.2):
    - Evergage
    - Flutter
  - Flutter (1.0.0)

DEPENDENCIES:
  - evergage_flutter (from `.symlinks/plugins/evergage_flutter/ios`)
  - Flutter (from `Flutter`)

SPEC REPOS:
  trunk:
    - Evergage

EXTERNAL SOURCES:
  evergage_flutter:
    :path: ".symlinks/plugins/evergage_flutter/ios"
  Flutter:
    :path: Flutter

SPEC CHECKSUMS:
  Evergage: cfc0243b769c07fce5ccc4562505ae5f299c8749
  evergage_flutter: 517cc9aab749ed9410819cae7ec63c41bdcca3bc
  Flutter: f04841e97a9d0b0a8025694d0796dd46242b2854

PODFILE CHECKSUM: 663715e941f9adb426e33bf9376914006f9ea95b

COCOAPODS: 1.14.3
