PODS:
  - Evergage (1.4.0)
  - evergage_flutter (0.0.2):
    - Evergage
    - Flutter
  - facebook_app_events (0.0.1):
    - FBAudienceNetwork (~> 6.9.0)
    - FBSDKCoreKit (~> 14.1.0)
    - Flutter
  - FBAEMKit (14.1.0):
    - FBSDKCoreKit_Basics (= 14.1.0)
  - FBAudienceNetwork (6.9.0)
  - FBSDKCoreKit (14.1.0):
    - FBAEMKit (= 14.1.0)
    - FBSDKCoreKit_Basics (= 14.1.0)
  - FBSDKCoreKit_Basics (14.1.0)
  - Flutter (1.0.0)

DEPENDENCIES:
  - evergage_flutter (from `.symlinks/plugins/evergage_flutter/ios`)
  - facebook_app_events (from `.symlinks/plugins/facebook_app_events/ios`)
  - Flutter (from `Flutter`)

SPEC REPOS:
  trunk:
    - Evergage
    - FBAEMKit
    - FBAudienceNetwork
    - FBSDKCoreKit
    - FBSDKCoreKit_Basics

EXTERNAL SOURCES:
  evergage_flutter:
    :path: ".symlinks/plugins/evergage_flutter/ios"
  facebook_app_events:
    :path: ".symlinks/plugins/facebook_app_events/ios"
  Flutter:
    :path: Flutter

SPEC CHECKSUMS:
  Evergage: cfc0243b769c07fce5ccc4562505ae5f299c8749
  evergage_flutter: 517cc9aab749ed9410819cae7ec63c41bdcca3bc
  facebook_app_events: 62fec1942165417a9713bc06e3368e2e12b79cbd
  FBAEMKit: a899515e45476027f73aef377b5cffadcd56ca3a
  FBAudienceNetwork: 83096d73433759c10f9cf9b3bad5e5cff58694cb
  FBSDKCoreKit: 24f8bc8d3b5b2a8c5c656a1329492a12e8efa792
  FBSDKCoreKit_Basics: 6e578c9bdc7aa1365dbbbde633c9ebb536bcaa98
  Flutter: f04841e97a9d0b0a8025694d0796dd46242b2854

PODFILE CHECKSUM: 663715e941f9adb426e33bf9376914006f9ea95b

COCOAPODS: 1.14.3
